
Microsoft Visual Studio Solution File, Format Version 12.00
# Visual Studio Version 16
VisualStudioVersion = 16.0.30320.27
MinimumVisualStudioVersion = 10.0.40219.1
Project("{FAE04EC0-301F-11D3-BF4B-00C04F79EFBC}") = "MiniProject.Data", "MiniProject.Data\MiniProject.Data.csproj", "{4D7C4A5B-713F-457D-901A-5F7F6430EB6E}"
EndProject
Project("{FAE04EC0-301F-11D3-BF4B-00C04F79EFBC}") = "MiniProject.Web", "MiniProject.Web\MiniProject.Web.csproj", "{9CCAF783-E910-48A0-92B2-5BEC2A7BDAC7}"
EndProject
Global
	GlobalSection(SolutionConfigurationPlatforms) = preSolution
		Debug|Any CPU = Debug|Any CPU
		Release|Any CPU = Release|Any CPU
	EndGlobalSection
	GlobalSection(ProjectConfigurationPlatforms) = postSolution
		{4D7C4A5B-713F-457D-901A-5F7F6430EB6E}.Debug|Any CPU.ActiveCfg = Debug|Any CPU
		{4D7C4A5B-713F-457D-901A-5F7F6430EB6E}.Debug|Any CPU.Build.0 = Debug|Any CPU
		{4D7C4A5B-713F-457D-901A-5F7F6430EB6E}.Release|Any CPU.ActiveCfg = Release|Any CPU
		{4D7C4A5B-713F-457D-901A-5F7F6430EB6E}.Release|Any CPU.Build.0 = Release|Any CPU
		{9CCAF783-E910-48A0-92B2-5BEC2A7BDAC7}.Debug|Any CPU.ActiveCfg = Debug|Any CPU
		{9CCAF783-E910-48A0-92B2-5BEC2A7BDAC7}.Debug|Any CPU.Build.0 = Debug|Any CPU
		{9CCAF783-E910-48A0-92B2-5BEC2A7BDAC7}.Release|Any CPU.ActiveCfg = Release|Any CPU
		{9CCAF783-E910-48A0-92B2-5BEC2A7BDAC7}.Release|Any CPU.Build.0 = Release|Any CPU
	EndGlobalSection
	GlobalSection(SolutionProperties) = preSolution
		HideSolutionNode = FALSE
	EndGlobalSection
	GlobalSection(ExtensibilityGlobals) = postSolution
		SolutionGuid = {FF23C87A-F43E-42A7-AAAC-EBC011656C91}
	EndGlobalSection
EndGlobal
